
Microsoft Visual Studio Solution File, Format Version 12.00
# Visual Studio Version 17
VisualStudioVersion = 17.8.34330.188
MinimumVisualStudioVersion = 10.0.40219.1
Project("{9A19103F-16F7-4668-BE54-9A1E7A4F7556}") = "lesson6_MVC", "lesson6_MVC.csproj", "{A1BCBC1D-CA13-4D83-B2D6-6D776931C98F}"
EndProject
Global
	GlobalSection(SolutionConfigurationPlatforms) = preSolution
		Debug|Any CPU = Debug|Any CPU
		Release|Any CPU = Release|Any CPU
	EndGlobalSection
	GlobalSection(ProjectConfigurationPlatforms) = postSolution
		{A1BCBC1D-CA13-4D83-B2D6-6D776931C98F}.Debug|Any CPU.ActiveCfg = Debug|Any CPU
		{A1BCBC1D-CA13-4D83-B2D6-6D776931C98F}.Debug|Any CPU.Build.0 = Debug|Any CPU
		{A1BCBC1D-CA13-4D83-B2D6-6D776931C98F}.Release|Any CPU.ActiveCfg = Release|Any CPU
		{A1BCBC1D-CA13-4D83-B2D6-6D776931C98F}.Release|Any CPU.Build.0 = Release|Any CPU
	EndGlobalSection
	GlobalSection(SolutionProperties) = preSolution
		HideSolutionNode = FALSE
	EndGlobalSection
	GlobalSection(ExtensibilityGlobals) = postSolution
		SolutionGuid = {36880FB5-13DF-4243-A010-087A6E75FA29}
	EndGlobalSection
EndGlobal
