
Microsoft Visual Studio Solution File, Format Version 12.00
# Visual Studio Version 17
VisualStudioVersion = 17.8.34330.188
MinimumVisualStudioVersion = 10.0.40219.1
Project("{9A19103F-16F7-4668-BE54-9A1E7A4F7556}") = "lesson2 - unit testing", "lesson2 - unit testing\lesson2 - unit testing.csproj", "{2770996B-7267-4A4D-B2AE-CA232E817492}"
EndProject
Project("{9A19103F-16F7-4668-BE54-9A1E7A4F7556}") = "lesson2_Tests", "lesson2_Tests\lesson2_Tests.csproj", "{BC8DE0B0-E451-4B0A-86E9-FE75E0D2CF22}"
EndProject
Global
	GlobalSection(SolutionConfigurationPlatforms) = preSolution
		Debug|Any CPU = Debug|Any CPU
		Release|Any CPU = Release|Any CPU
	EndGlobalSection
	GlobalSection(ProjectConfigurationPlatforms) = postSolution
		{2770996B-7267-4A4D-B2AE-CA232E817492}.Debug|Any CPU.ActiveCfg = Debug|Any CPU
		{2770996B-7267-4A4D-B2AE-CA232E817492}.Debug|Any CPU.Build.0 = Debug|Any CPU
		{2770996B-7267-4A4D-B2AE-CA232E817492}.Release|Any CPU.ActiveCfg = Release|Any CPU
		{2770996B-7267-4A4D-B2AE-CA232E817492}.Release|Any CPU.Build.0 = Release|Any CPU
		{BC8DE0B0-E451-4B0A-86E9-FE75E0D2CF22}.Debug|Any CPU.ActiveCfg = Debug|Any CPU
		{BC8DE0B0-E451-4B0A-86E9-FE75E0D2CF22}.Debug|Any CPU.Build.0 = Debug|Any CPU
		{BC8DE0B0-E451-4B0A-86E9-FE75E0D2CF22}.Release|Any CPU.ActiveCfg = Release|Any CPU
		{BC8DE0B0-E451-4B0A-86E9-FE75E0D2CF22}.Release|Any CPU.Build.0 = Release|Any CPU
	EndGlobalSection
	GlobalSection(SolutionProperties) = preSolution
		HideSolutionNode = FALSE
	EndGlobalSection
	GlobalSection(ExtensibilityGlobals) = postSolution
		SolutionGuid = {D41F33BF-6B7E-4EE0-8358-914BEF5F1890}
	EndGlobalSection
EndGlobal
