
Microsoft Visual Studio Solution File, Format Version 12.00
# Visual Studio Version 17
VisualStudioVersion = 17.5.002.0
MinimumVisualStudioVersion = 10.0.40219.1
Project("{9A19103F-16F7-4668-BE54-9A1E7A4F7556}") = "lesson5_Chain_Of_Responsibility", "lesson5_Chain_Of_Responsibility.csproj", "{FD463674-08B6-48E1-B477-953329BE8495}"
EndProject
Global
	GlobalSection(SolutionConfigurationPlatforms) = preSolution
		Debug|Any CPU = Debug|Any CPU
		Release|Any CPU = Release|Any CPU
	EndGlobalSection
	GlobalSection(ProjectConfigurationPlatforms) = postSolution
		{FD463674-08B6-48E1-B477-953329BE8495}.Debug|Any CPU.ActiveCfg = Debug|Any CPU
		{FD463674-08B6-48E1-B477-953329BE8495}.Debug|Any CPU.Build.0 = Debug|Any CPU
		{FD463674-08B6-48E1-B477-953329BE8495}.Release|Any CPU.ActiveCfg = Release|Any CPU
		{FD463674-08B6-48E1-B477-953329BE8495}.Release|Any CPU.Build.0 = Release|Any CPU
	EndGlobalSection
	GlobalSection(SolutionProperties) = preSolution
		HideSolutionNode = FALSE
	EndGlobalSection
	GlobalSection(ExtensibilityGlobals) = postSolution
		SolutionGuid = {FFDC1330-E0D2-41F1-93DC-0ED60F973625}
	EndGlobalSection
EndGlobal
